version = 1
revision = 2
requires-python = ">=3.12"

[[package]]
name = "add-pseudo-palt"
version = "0.1.0"
source = { virtual = "." }
dependencies = [
    { name = "fonttools" },
]

[package.dev-dependencies]
dev = [
    { name = "mypy" },
    { name = "ruff" },
]

[package.metadata]
requires-dist = [{ name = "fonttools", specifier = ">=4.58.4" }]

[package.metadata.requires-dev]
dev = [
    { name = "mypy", specifier = ">=1.16.0" },
    { name = "ruff", specifier = ">=0.11.13" },
]

[[package]]
name = "fonttools"
version = "4.58.4"
source = { registry = "https://pypi.org/simple" }
sdist = { url = "https://files.pythonhosted.org/packages/2e/5a/1124b2c8cb3a8015faf552e92714040bcdbc145dfa29928891b02d147a18/fonttools-4.58.4.tar.gz", hash = "sha256:928a8009b9884ed3aae17724b960987575155ca23c6f0b8146e400cc9e0d44ba", size = 3525026, upload-time = "2025-06-13T17:25:15.426Z" }
wheels = [
    { url = "https://files.pythonhosted.org/packages/04/3c/1d1792bfe91ef46f22a3d23b4deb514c325e73c17d4f196b385b5e2faf1c/fonttools-4.58.4-cp312-cp312-macosx_10_13_universal2.whl", hash = "sha256:462211c0f37a278494e74267a994f6be9a2023d0557aaa9ecbcbfce0f403b5a6", size = 2754082, upload-time = "2025-06-13T17:24:24.862Z" },
    { url = "https://files.pythonhosted.org/packages/2a/1f/2b261689c901a1c3bc57a6690b0b9fc21a9a93a8b0c83aae911d3149f34e/fonttools-4.58.4-cp312-cp312-macosx_10_13_x86_64.whl", hash = "sha256:0c7a12fb6f769165547f00fcaa8d0df9517603ae7e04b625e5acb8639809b82d", size = 2321677, upload-time = "2025-06-13T17:24:26.815Z" },
    { url = "https://files.pythonhosted.org/packages/fe/6b/4607add1755a1e6581ae1fc0c9a640648e0d9cdd6591cc2d581c2e07b8c3/fonttools-4.58.4-cp312-cp312-manylinux1_x86_64.manylinux2014_x86_64.manylinux_2_17_x86_64.manylinux_2_5_x86_64.whl", hash = "sha256:2d42c63020a922154add0a326388a60a55504629edc3274bc273cd3806b4659f", size = 4896354, upload-time = "2025-06-13T17:24:28.428Z" },
    { url = "https://files.pythonhosted.org/packages/cd/95/34b4f483643d0cb11a1f830b72c03fdd18dbd3792d77a2eb2e130a96fada/fonttools-4.58.4-cp312-cp312-manylinux2014_aarch64.manylinux_2_17_aarch64.manylinux_2_28_aarch64.whl", hash = "sha256:8f2b4e6fd45edc6805f5f2c355590b092ffc7e10a945bd6a569fc66c1d2ae7aa", size = 4941633, upload-time = "2025-06-13T17:24:30.568Z" },
    { url = "https://files.pythonhosted.org/packages/81/ac/9bafbdb7694059c960de523e643fa5a61dd2f698f3f72c0ca18ae99257c7/fonttools-4.58.4-cp312-cp312-musllinux_1_2_aarch64.whl", hash = "sha256:f155b927f6efb1213a79334e4cb9904d1e18973376ffc17a0d7cd43d31981f1e", size = 4886170, upload-time = "2025-06-13T17:24:32.724Z" },
    { url = "https://files.pythonhosted.org/packages/ae/44/a3a3b70d5709405f7525bb7cb497b4e46151e0c02e3c8a0e40e5e9fe030b/fonttools-4.58.4-cp312-cp312-musllinux_1_2_x86_64.whl", hash = "sha256:e38f687d5de97c7fb7da3e58169fb5ba349e464e141f83c3c2e2beb91d317816", size = 5037851, upload-time = "2025-06-13T17:24:35.034Z" },
    { url = "https://files.pythonhosted.org/packages/21/cb/e8923d197c78969454eb876a4a55a07b59c9c4c46598f02b02411dc3b45c/fonttools-4.58.4-cp312-cp312-win32.whl", hash = "sha256:636c073b4da9db053aa683db99580cac0f7c213a953b678f69acbca3443c12cc", size = 2187428, upload-time = "2025-06-13T17:24:36.996Z" },
    { url = "https://files.pythonhosted.org/packages/46/e6/fe50183b1a0e1018e7487ee740fa8bb127b9f5075a41e20d017201e8ab14/fonttools-4.58.4-cp312-cp312-win_amd64.whl", hash = "sha256:82e8470535743409b30913ba2822e20077acf9ea70acec40b10fcf5671dceb58", size = 2236649, upload-time = "2025-06-13T17:24:38.985Z" },
    { url = "https://files.pythonhosted.org/packages/d4/4f/c05cab5fc1a4293e6bc535c6cb272607155a0517700f5418a4165b7f9ec8/fonttools-4.58.4-cp313-cp313-macosx_10_13_universal2.whl", hash = "sha256:5f4a64846495c543796fa59b90b7a7a9dff6839bd852741ab35a71994d685c6d", size = 2745197, upload-time = "2025-06-13T17:24:40.645Z" },
    { url = "https://files.pythonhosted.org/packages/3e/d3/49211b1f96ae49308f4f78ca7664742377a6867f00f704cdb31b57e4b432/fonttools-4.58.4-cp313-cp313-macosx_10_13_x86_64.whl", hash = "sha256:e80661793a5d4d7ad132a2aa1eae2e160fbdbb50831a0edf37c7c63b2ed36574", size = 2317272, upload-time = "2025-06-13T17:24:43.428Z" },
    { url = "https://files.pythonhosted.org/packages/b2/11/c9972e46a6abd752a40a46960e431c795ad1f306775fc1f9e8c3081a1274/fonttools-4.58.4-cp313-cp313-manylinux1_x86_64.manylinux2014_x86_64.manylinux_2_17_x86_64.manylinux_2_5_x86_64.whl", hash = "sha256:fe5807fc64e4ba5130f1974c045a6e8d795f3b7fb6debfa511d1773290dbb76b", size = 4877184, upload-time = "2025-06-13T17:24:45.527Z" },
    { url = "https://files.pythonhosted.org/packages/ea/24/5017c01c9ef8df572cc9eaf9f12be83ad8ed722ff6dc67991d3d752956e4/fonttools-4.58.4-cp313-cp313-manylinux2014_aarch64.manylinux_2_17_aarch64.manylinux_2_28_aarch64.whl", hash = "sha256:b610b9bef841cb8f4b50472494158b1e347d15cad56eac414c722eda695a6cfd", size = 4939445, upload-time = "2025-06-13T17:24:47.647Z" },
    { url = "https://files.pythonhosted.org/packages/79/b0/538cc4d0284b5a8826b4abed93a69db52e358525d4b55c47c8cef3669767/fonttools-4.58.4-cp313-cp313-musllinux_1_2_aarch64.whl", hash = "sha256:2daa7f0e213c38f05f054eb5e1730bd0424aebddbeac094489ea1585807dd187", size = 4878800, upload-time = "2025-06-13T17:24:49.766Z" },
    { url = "https://files.pythonhosted.org/packages/5a/9b/a891446b7a8250e65bffceb248508587958a94db467ffd33972723ab86c9/fonttools-4.58.4-cp313-cp313-musllinux_1_2_x86_64.whl", hash = "sha256:66cccb6c0b944496b7f26450e9a66e997739c513ffaac728d24930df2fd9d35b", size = 5021259, upload-time = "2025-06-13T17:24:51.754Z" },
    { url = "https://files.pythonhosted.org/packages/17/b2/c4d2872cff3ace3ddd1388bf15b76a1d8d5313f0a61f234e9aed287e674d/fonttools-4.58.4-cp313-cp313-win32.whl", hash = "sha256:94d2aebb5ca59a5107825520fde596e344652c1f18170ef01dacbe48fa60c889", size = 2185824, upload-time = "2025-06-13T17:24:54.324Z" },
    { url = "https://files.pythonhosted.org/packages/98/57/cddf8bcc911d4f47dfca1956c1e3aeeb9f7c9b8e88b2a312fe8c22714e0b/fonttools-4.58.4-cp313-cp313-win_amd64.whl", hash = "sha256:b554bd6e80bba582fd326ddab296e563c20c64dca816d5e30489760e0c41529f", size = 2236382, upload-time = "2025-06-13T17:24:56.291Z" },
    { url = "https://files.pythonhosted.org/packages/0b/2f/c536b5b9bb3c071e91d536a4d11f969e911dbb6b227939f4c5b0bca090df/fonttools-4.58.4-py3-none-any.whl", hash = "sha256:a10ce13a13f26cbb9f37512a4346bb437ad7e002ff6fa966a7ce7ff5ac3528bd", size = 1114660, upload-time = "2025-06-13T17:25:13.321Z" },
]

[[package]]
name = "mypy"
version = "1.16.0"
source = { registry = "https://pypi.org/simple" }
dependencies = [
    { name = "mypy-extensions" },
    { name = "pathspec" },
    { name = "typing-extensions" },
]
sdist = { url = "https://files.pythonhosted.org/packages/d4/38/13c2f1abae94d5ea0354e146b95a1be9b2137a0d506728e0da037c4276f6/mypy-1.16.0.tar.gz", hash = "sha256:84b94283f817e2aa6350a14b4a8fb2a35a53c286f97c9d30f53b63620e7af8ab", size = 3323139, upload-time = "2025-05-29T13:46:12.532Z" }
wheels = [
    { url = "https://files.pythonhosted.org/packages/70/cf/158e5055e60ca2be23aec54a3010f89dcffd788732634b344fc9cb1e85a0/mypy-1.16.0-cp312-cp312-macosx_10_13_x86_64.whl", hash = "sha256:c5436d11e89a3ad16ce8afe752f0f373ae9620841c50883dc96f8b8805620b13", size = 11062927, upload-time = "2025-05-29T13:35:52.328Z" },
    { url = "https://files.pythonhosted.org/packages/94/34/cfff7a56be1609f5d10ef386342ce3494158e4d506516890142007e6472c/mypy-1.16.0-cp312-cp312-macosx_11_0_arm64.whl", hash = "sha256:f2622af30bf01d8fc36466231bdd203d120d7a599a6d88fb22bdcb9dbff84090", size = 10083082, upload-time = "2025-05-29T13:35:33.378Z" },
    { url = "https://files.pythonhosted.org/packages/b3/7f/7242062ec6288c33d8ad89574df87c3903d394870e5e6ba1699317a65075/mypy-1.16.0-cp312-cp312-manylinux_2_17_aarch64.manylinux2014_aarch64.manylinux_2_28_aarch64.whl", hash = "sha256:d045d33c284e10a038f5e29faca055b90eee87da3fc63b8889085744ebabb5a1", size = 11828306, upload-time = "2025-05-29T13:21:02.164Z" },
    { url = "https://files.pythonhosted.org/packages/6f/5f/b392f7b4f659f5b619ce5994c5c43caab3d80df2296ae54fa888b3d17f5a/mypy-1.16.0-cp312-cp312-manylinux_2_17_x86_64.manylinux2014_x86_64.manylinux_2_28_x86_64.whl", hash = "sha256:b4968f14f44c62e2ec4a038c8797a87315be8df7740dc3ee8d3bfe1c6bf5dba8", size = 12702764, upload-time = "2025-05-29T13:20:42.826Z" },
    { url = "https://files.pythonhosted.org/packages/9b/c0/7646ef3a00fa39ac9bc0938626d9ff29d19d733011be929cfea59d82d136/mypy-1.16.0-cp312-cp312-musllinux_1_2_x86_64.whl", hash = "sha256:eb14a4a871bb8efb1e4a50360d4e3c8d6c601e7a31028a2c79f9bb659b63d730", size = 12896233, upload-time = "2025-05-29T13:18:37.446Z" },
    { url = "https://files.pythonhosted.org/packages/6d/38/52f4b808b3fef7f0ef840ee8ff6ce5b5d77381e65425758d515cdd4f5bb5/mypy-1.16.0-cp312-cp312-win_amd64.whl", hash = "sha256:bd4e1ebe126152a7bbaa4daedd781c90c8f9643c79b9748caa270ad542f12bec", size = 9565547, upload-time = "2025-05-29T13:20:02.836Z" },
    { url = "https://files.pythonhosted.org/packages/97/9c/ca03bdbefbaa03b264b9318a98950a9c683e06472226b55472f96ebbc53d/mypy-1.16.0-cp313-cp313-macosx_10_13_x86_64.whl", hash = "sha256:a9e056237c89f1587a3be1a3a70a06a698d25e2479b9a2f57325ddaaffc3567b", size = 11059753, upload-time = "2025-05-29T13:18:18.167Z" },
    { url = "https://files.pythonhosted.org/packages/36/92/79a969b8302cfe316027c88f7dc6fee70129490a370b3f6eb11d777749d0/mypy-1.16.0-cp313-cp313-macosx_11_0_arm64.whl", hash = "sha256:0b07e107affb9ee6ce1f342c07f51552d126c32cd62955f59a7db94a51ad12c0", size = 10073338, upload-time = "2025-05-29T13:19:48.079Z" },
    { url = "https://files.pythonhosted.org/packages/14/9b/a943f09319167da0552d5cd722104096a9c99270719b1afeea60d11610aa/mypy-1.16.0-cp313-cp313-manylinux_2_17_aarch64.manylinux2014_aarch64.manylinux_2_28_aarch64.whl", hash = "sha256:c6fb60cbd85dc65d4d63d37cb5c86f4e3a301ec605f606ae3a9173e5cf34997b", size = 11827764, upload-time = "2025-05-29T13:46:04.47Z" },
    { url = "https://files.pythonhosted.org/packages/ec/64/ff75e71c65a0cb6ee737287c7913ea155845a556c64144c65b811afdb9c7/mypy-1.16.0-cp313-cp313-manylinux_2_17_x86_64.manylinux2014_x86_64.manylinux_2_28_x86_64.whl", hash = "sha256:a7e32297a437cc915599e0578fa6bc68ae6a8dc059c9e009c628e1c47f91495d", size = 12701356, upload-time = "2025-05-29T13:35:13.553Z" },
    { url = "https://files.pythonhosted.org/packages/0a/ad/0e93c18987a1182c350f7a5fab70550852f9fabe30ecb63bfbe51b602074/mypy-1.16.0-cp313-cp313-musllinux_1_2_x86_64.whl", hash = "sha256:afe420c9380ccec31e744e8baff0d406c846683681025db3531b32db56962d52", size = 12900745, upload-time = "2025-05-29T13:17:24.409Z" },
    { url = "https://files.pythonhosted.org/packages/28/5d/036c278d7a013e97e33f08c047fe5583ab4f1fc47c9a49f985f1cdd2a2d7/mypy-1.16.0-cp313-cp313-win_amd64.whl", hash = "sha256:55f9076c6ce55dd3f8cd0c6fff26a008ca8e5131b89d5ba6d86bd3f47e736eeb", size = 9572200, upload-time = "2025-05-29T13:33:44.92Z" },
    { url = "https://files.pythonhosted.org/packages/99/a3/6ed10530dec8e0fdc890d81361260c9ef1f5e5c217ad8c9b21ecb2b8366b/mypy-1.16.0-py3-none-any.whl", hash = "sha256:29e1499864a3888bca5c1542f2d7232c6e586295183320caa95758fc84034031", size = 2265773, upload-time = "2025-05-29T13:35:18.762Z" },
]

[[package]]
name = "mypy-extensions"
version = "1.1.0"
source = { registry = "https://pypi.org/simple" }
sdist = { url = "https://files.pythonhosted.org/packages/a2/6e/371856a3fb9d31ca8dac321cda606860fa4548858c0cc45d9d1d4ca2628b/mypy_extensions-1.1.0.tar.gz", hash = "sha256:52e68efc3284861e772bbcd66823fde5ae21fd2fdb51c62a211403730b916558", size = 6343, upload-time = "2025-04-22T14:54:24.164Z" }
wheels = [
    { url = "https://files.pythonhosted.org/packages/79/7b/2c79738432f5c924bef5071f933bcc9efd0473bac3b4aa584a6f7c1c8df8/mypy_extensions-1.1.0-py3-none-any.whl", hash = "sha256:1be4cccdb0f2482337c4743e60421de3a356cd97508abadd57d47403e94f5505", size = 4963, upload-time = "2025-04-22T14:54:22.983Z" },
]

[[package]]
name = "pathspec"
version = "0.12.1"
source = { registry = "https://pypi.org/simple" }
sdist = { url = "https://files.pythonhosted.org/packages/ca/bc/f35b8446f4531a7cb215605d100cd88b7ac6f44ab3fc94870c120ab3adbf/pathspec-0.12.1.tar.gz", hash = "sha256:a482d51503a1ab33b1c67a6c3813a26953dbdc71c31dacaef9a838c4e29f5712", size = 51043, upload-time = "2023-12-10T22:30:45Z" }
wheels = [
    { url = "https://files.pythonhosted.org/packages/cc/20/ff623b09d963f88bfde16306a54e12ee5ea43e9b597108672ff3a408aad6/pathspec-0.12.1-py3-none-any.whl", hash = "sha256:a0d503e138a4c123b27490a4f7beda6a01c6f288df0e4a8b79c7eb0dc7b4cc08", size = 31191, upload-time = "2023-12-10T22:30:43.14Z" },
]

[[package]]
name = "ruff"
version = "0.11.13"
source = { registry = "https://pypi.org/simple" }
sdist = { url = "https://files.pythonhosted.org/packages/ed/da/9c6f995903b4d9474b39da91d2d626659af3ff1eeb43e9ae7c119349dba6/ruff-0.11.13.tar.gz", hash = "sha256:26fa247dc68d1d4e72c179e08889a25ac0c7ba4d78aecfc835d49cbfd60bf514", size = 4282054, upload-time = "2025-06-05T21:00:15.721Z" }
wheels = [
    { url = "https://files.pythonhosted.org/packages/7d/ce/a11d381192966e0b4290842cc8d4fac7dc9214ddf627c11c1afff87da29b/ruff-0.11.13-py3-none-linux_armv6l.whl", hash = "sha256:4bdfbf1240533f40042ec00c9e09a3aade6f8c10b6414cf11b519488d2635d46", size = 10292516, upload-time = "2025-06-05T20:59:32.944Z" },
    { url = "https://files.pythonhosted.org/packages/78/db/87c3b59b0d4e753e40b6a3b4a2642dfd1dcaefbff121ddc64d6c8b47ba00/ruff-0.11.13-py3-none-macosx_10_12_x86_64.whl", hash = "sha256:aef9c9ed1b5ca28bb15c7eac83b8670cf3b20b478195bd49c8d756ba0a36cf48", size = 11106083, upload-time = "2025-06-05T20:59:37.03Z" },
    { url = "https://files.pythonhosted.org/packages/77/79/d8cec175856ff810a19825d09ce700265f905c643c69f45d2b737e4a470a/ruff-0.11.13-py3-none-macosx_11_0_arm64.whl", hash = "sha256:53b15a9dfdce029c842e9a5aebc3855e9ab7771395979ff85b7c1dedb53ddc2b", size = 10436024, upload-time = "2025-06-05T20:59:39.741Z" },
    { url = "https://files.pythonhosted.org/packages/8b/5b/f6d94f2980fa1ee854b41568368a2e1252681b9238ab2895e133d303538f/ruff-0.11.13-py3-none-manylinux_2_17_aarch64.manylinux2014_aarch64.whl", hash = "sha256:ab153241400789138d13f362c43f7edecc0edfffce2afa6a68434000ecd8f69a", size = 10646324, upload-time = "2025-06-05T20:59:42.185Z" },
    { url = "https://files.pythonhosted.org/packages/6c/9c/b4c2acf24ea4426016d511dfdc787f4ce1ceb835f3c5fbdbcb32b1c63bda/ruff-0.11.13-py3-none-manylinux_2_17_armv7l.manylinux2014_armv7l.whl", hash = "sha256:6c51f93029d54a910d3d24f7dd0bb909e31b6cd989a5e4ac513f4eb41629f0dc", size = 10174416, upload-time = "2025-06-05T20:59:44.319Z" },
    { url = "https://files.pythonhosted.org/packages/f3/10/e2e62f77c65ede8cd032c2ca39c41f48feabedb6e282bfd6073d81bb671d/ruff-0.11.13-py3-none-manylinux_2_17_i686.manylinux2014_i686.whl", hash = "sha256:1808b3ed53e1a777c2ef733aca9051dc9bf7c99b26ece15cb59a0320fbdbd629", size = 11724197, upload-time = "2025-06-05T20:59:46.935Z" },
    { url = "https://files.pythonhosted.org/packages/bb/f0/466fe8469b85c561e081d798c45f8a1d21e0b4a5ef795a1d7f1a9a9ec182/ruff-0.11.13-py3-none-manylinux_2_17_ppc64.manylinux2014_ppc64.whl", hash = "sha256:d28ce58b5ecf0f43c1b71edffabe6ed7f245d5336b17805803312ec9bc665933", size = 12511615, upload-time = "2025-06-05T20:59:49.534Z" },
    { url = "https://files.pythonhosted.org/packages/17/0e/cefe778b46dbd0cbcb03a839946c8f80a06f7968eb298aa4d1a4293f3448/ruff-0.11.13-py3-none-manylinux_2_17_ppc64le.manylinux2014_ppc64le.whl", hash = "sha256:55e4bc3a77842da33c16d55b32c6cac1ec5fb0fbec9c8c513bdce76c4f922165", size = 12117080, upload-time = "2025-06-05T20:59:51.654Z" },
    { url = "https://files.pythonhosted.org/packages/5d/2c/caaeda564cbe103bed145ea557cb86795b18651b0f6b3ff6a10e84e5a33f/ruff-0.11.13-py3-none-manylinux_2_17_s390x.manylinux2014_s390x.whl", hash = "sha256:633bf2c6f35678c56ec73189ba6fa19ff1c5e4807a78bf60ef487b9dd272cc71", size = 11326315, upload-time = "2025-06-05T20:59:54.469Z" },
    { url = "https://files.pythonhosted.org/packages/75/f0/782e7d681d660eda8c536962920c41309e6dd4ebcea9a2714ed5127d44bd/ruff-0.11.13-py3-none-manylinux_2_17_x86_64.manylinux2014_x86_64.whl", hash = "sha256:4ffbc82d70424b275b089166310448051afdc6e914fdab90e08df66c43bb5ca9", size = 11555640, upload-time = "2025-06-05T20:59:56.986Z" },
    { url = "https://files.pythonhosted.org/packages/5d/d4/3d580c616316c7f07fb3c99dbecfe01fbaea7b6fd9a82b801e72e5de742a/ruff-0.11.13-py3-none-musllinux_1_2_aarch64.whl", hash = "sha256:4a9ddd3ec62a9a89578c85842b836e4ac832d4a2e0bfaad3b02243f930ceafcc", size = 10507364, upload-time = "2025-06-05T20:59:59.154Z" },
    { url = "https://files.pythonhosted.org/packages/5a/dc/195e6f17d7b3ea6b12dc4f3e9de575db7983db187c378d44606e5d503319/ruff-0.11.13-py3-none-musllinux_1_2_armv7l.whl", hash = "sha256:d237a496e0778d719efb05058c64d28b757c77824e04ffe8796c7436e26712b7", size = 10141462, upload-time = "2025-06-05T21:00:01.481Z" },
    { url = "https://files.pythonhosted.org/packages/f4/8e/39a094af6967faa57ecdeacb91bedfb232474ff8c3d20f16a5514e6b3534/ruff-0.11.13-py3-none-musllinux_1_2_i686.whl", hash = "sha256:26816a218ca6ef02142343fd24c70f7cd8c5aa6c203bca284407adf675984432", size = 11121028, upload-time = "2025-06-05T21:00:04.06Z" },
    { url = "https://files.pythonhosted.org/packages/5a/c0/b0b508193b0e8a1654ec683ebab18d309861f8bd64e3a2f9648b80d392cb/ruff-0.11.13-py3-none-musllinux_1_2_x86_64.whl", hash = "sha256:51c3f95abd9331dc5b87c47ac7f376db5616041173826dfd556cfe3d4977f492", size = 11602992, upload-time = "2025-06-05T21:00:06.249Z" },
    { url = "https://files.pythonhosted.org/packages/7c/91/263e33ab93ab09ca06ce4f8f8547a858cc198072f873ebc9be7466790bae/ruff-0.11.13-py3-none-win32.whl", hash = "sha256:96c27935418e4e8e77a26bb05962817f28b8ef3843a6c6cc49d8783b5507f250", size = 10474944, upload-time = "2025-06-05T21:00:08.459Z" },
    { url = "https://files.pythonhosted.org/packages/46/f4/7c27734ac2073aae8efb0119cae6931b6fb48017adf048fdf85c19337afc/ruff-0.11.13-py3-none-win_amd64.whl", hash = "sha256:29c3189895a8a6a657b7af4e97d330c8a3afd2c9c8f46c81e2fc5a31866517e3", size = 11548669, upload-time = "2025-06-05T21:00:11.147Z" },
    { url = "https://files.pythonhosted.org/packages/ec/bf/b273dd11673fed8a6bd46032c0ea2a04b2ac9bfa9c628756a5856ba113b0/ruff-0.11.13-py3-none-win_arm64.whl", hash = "sha256:b4385285e9179d608ff1d2fb9922062663c658605819a6876d8beef0c30b7f3b", size = 10683928, upload-time = "2025-06-05T21:00:13.758Z" },
]

[[package]]
name = "typing-extensions"
version = "4.14.0"
source = { registry = "https://pypi.org/simple" }
sdist = { url = "https://files.pythonhosted.org/packages/d1/bc/51647cd02527e87d05cb083ccc402f93e441606ff1f01739a62c8ad09ba5/typing_extensions-4.14.0.tar.gz", hash = "sha256:8676b788e32f02ab42d9e7c61324048ae4c6d844a399eebace3d4979d75ceef4", size = 107423, upload-time = "2025-06-02T14:52:11.399Z" }
wheels = [
    { url = "https://files.pythonhosted.org/packages/69/e0/552843e0d356fbb5256d21449fa957fa4eff3bbc135a74a691ee70c7c5da/typing_extensions-4.14.0-py3-none-any.whl", hash = "sha256:a1514509136dd0b477638fc68d6a91497af5076466ad0fa6c338e44e359944af", size = 43839, upload-time = "2025-06-02T14:52:10.026Z" },
]
